
Microsoft Visual Studio Solution File, Format Version 12.00
# Visual Studio Version 17
VisualStudioVersion = 17.2.32519.379
MinimumVisualStudioVersion = 10.0.40219.1
Project("{9A19103F-16F7-4668-BE54-9A1E7A4F7556}") = "PeliculaAPI", "PeliculaAPI.csproj", "{E723647D-DDEF-4CB5-BA4F-6221C0B7FA45}"
EndProject
Global
	GlobalSection(SolutionConfigurationPlatforms) = preSolution
		Debug|Any CPU = Debug|Any CPU
		Release|Any CPU = Release|Any CPU
	EndGlobalSection
	GlobalSection(ProjectConfigurationPlatforms) = postSolution
		{E723647D-DDEF-4CB5-BA4F-6221C0B7FA45}.Debug|Any CPU.ActiveCfg = Debug|Any CPU
		{E723647D-DDEF-4CB5-BA4F-6221C0B7FA45}.Debug|Any CPU.Build.0 = Debug|Any CPU
		{E723647D-DDEF-4CB5-BA4F-6221C0B7FA45}.Release|Any CPU.ActiveCfg = Release|Any CPU
		{E723647D-DDEF-4CB5-BA4F-6221C0B7FA45}.Release|Any CPU.Build.0 = Release|Any CPU
	EndGlobalSection
	GlobalSection(SolutionProperties) = preSolution
		HideSolutionNode = FALSE
	EndGlobalSection
	GlobalSection(ExtensibilityGlobals) = postSolution
		SolutionGuid = {989F8F15-2311-491C-80B8-76558529C10D}
	EndGlobalSection
EndGlobal
